// !$*UTF8*$!
{
	archiveVersion = 1;
	classes = {
	};
	objectVersion = 77;
	objects = {

/* Begin PBXBuildFile section */
		1A000001294A0001004B1C01 /* WhisperLocalMacOsApp.swift in Sources */ = {isa = PBXBuildFile; fileRef = 1A000002294A0001004B1C01 /* WhisperLocalMacOsApp.swift */; };
		1A000003294A0001004B1C01 /* WhisperLocalMacOsApp_Simple.swift in Sources */ = {isa = PBXBuildFile; fileRef = 1A000004294A0001004B1C01 /* WhisperLocalMacOsApp_Simple.swift */; };
		1A000005294A0001004B1C01 /* AppError.swift in Sources */ = {isa = PBXBuildFile; fileRef = 1A000006294A0001004B1C01 /* AppError.swift */; };
		1A000007294A0001004B1C01 /* OutputFormat.swift in Sources */ = {isa = PBXBuildFile; fileRef = 1A000008294A0001004B1C01 /* OutputFormat.swift */; };
		1A000009294A0001004B1C01 /* SidebarItem.swift in Sources */ = {isa = PBXBuildFile; fileRef = 1A00000A294A0001004B1C01 /* SidebarItem.swift */; };
		1A00000B294A0001004B1C01 /* TaskStatus.swift in Sources */ = {isa = PBXBuildFile; fileRef = 1A00000C294A0001004B1C01 /* TaskStatus.swift */; };
		1A00000D294A0001004B1C01 /* TranscriptionResult.swift in Sources */ = {isa = PBXBuildFile; fileRef = 1A00000E294A0001004B1C01 /* TranscriptionResult.swift */; };
		1A00000F294A0001004B1C01 /* TranscriptionTask.swift in Sources */ = {isa = PBXBuildFile; fileRef = 1A000010294A0001004B1C01 /* TranscriptionTask.swift */; };
		1A000011294A0001004B1C01 /* WhisperModel.swift in Sources */ = {isa = PBXBuildFile; fileRef = 1A000012294A0001004B1C01 /* WhisperModel.swift */; };
		1A000013294A0001004B1C01 /* CrashReporter.swift in Sources */ = {isa = PBXBuildFile; fileRef = 1A000014294A0001004B1C01 /* CrashReporter.swift */; };
		1A000015294A0001004B1C01 /* DependencyManager.swift in Sources */ = {isa = PBXBuildFile; fileRef = 1A000016294A0001004B1C01 /* DependencyManager.swift */; };
		1A000017294A0001004B1C01 /* FileAssociationManager.swift in Sources */ = {isa = PBXBuildFile; fileRef = 1A000018294A0001004B1C01 /* FileAssociationManager.swift */; };
		1A000019294A0001004B1C01 /* Logger.swift in Sources */ = {isa = PBXBuildFile; fileRef = 1A00001A294A0001004B1C01 /* Logger.swift */; };
		1A00001B294A0001004B1C01 /* MenuBarManager.swift in Sources */ = {isa = PBXBuildFile; fileRef = 1A00001C294A0001004B1C01 /* MenuBarManager.swift */; };
		1A00001D294A0001004B1C01 /* PerformanceManager.swift in Sources */ = {isa = PBXBuildFile; fileRef = 1A00001E294A0001004B1C01 /* PerformanceManager.swift */; };
		1A00001F294A0001004B1C01 /* PythonBridge.swift in Sources */ = {isa = PBXBuildFile; fileRef = 1A000020294A0001004B1C01 /* PythonBridge.swift */; };
		1A000021294A0001004B1C01 /* QuickLookManager.swift in Sources */ = {isa = PBXBuildFile; fileRef = 1A000022294A0001004B1C01 /* QuickLookManager.swift */; };
		1A000023294A0001004B1C01 /* ResourceMonitor.swift in Sources */ = {isa = PBXBuildFile; fileRef = 1A000024294A0001004B1C01 /* ResourceMonitor.swift */; };
		1A000025294A0001004B1C01 /* SpotlightManager.swift in Sources */ = {isa = PBXBuildFile; fileRef = 1A000026294A0001004B1C01 /* SpotlightManager.swift */; };
		1A000027294A0001004B1C01 /* UpdateChecker.swift in Sources */ = {isa = PBXBuildFile; fileRef = 1A000028294A0001004B1C01 /* UpdateChecker.swift */; };
		1A000029294A0001004B1C01 /* DataModelTests.swift in Sources */ = {isa = PBXBuildFile; fileRef = 1A00002A294A0001004B1C01 /* DataModelTests.swift */; };
		1A00002B294A0001004B1C01 /* DependencyManagerTests.swift in Sources */ = {isa = PBXBuildFile; fileRef = 1A00002C294A0001004B1C01 /* DependencyManagerTests.swift */; };
		1A00002D294A0001004B1C01 /* ErrorHandlingTests.swift in Sources */ = {isa = PBXBuildFile; fileRef = 1A00002E294A0001004B1C01 /* ErrorHandlingTests.swift */; };
		1A00002F294A0001004B1C01 /* FileProcessingIntegrationTests.swift in Sources */ = {isa = PBXBuildFile; fileRef = 1A000030294A0001004B1C01 /* FileProcessingIntegrationTests.swift */; };
		1A000031294A0001004B1C01 /* IntegrationTests.swift in Sources */ = {isa = PBXBuildFile; fileRef = 1A000032294A0001004B1C01 /* IntegrationTests.swift */; };
		1A000033294A0001004B1C01 /* PerformanceBenchmarkTests.swift in Sources */ = {isa = PBXBuildFile; fileRef = 1A000034294A0001004B1C01 /* PerformanceBenchmarkTests.swift */; };
		1A000035294A0001004B1C01 /* PerformanceIntegrationTests.swift in Sources */ = {isa = PBXBuildFile; fileRef = 1A000036294A0001004B1C01 /* PerformanceIntegrationTests.swift */; };
		1A000037294A0001004B1C01 /* PythonBridgeTests.swift in Sources */ = {isa = PBXBuildFile; fileRef = 1A000038294A0001004B1C01 /* PythonBridgeTests.swift */; };
		1A000039294A0001004B1C01 /* UITests.swift in Sources */ = {isa = PBXBuildFile; fileRef = 1A00003A294A0001004B1C01 /* UITests.swift */; };
		1A00003B294A0001004B1C01 /* ViewModelTests.swift in Sources */ = {isa = PBXBuildFile; fileRef = 1A00003C294A0001004B1C01 /* ViewModelTests.swift */; };
		1A00003D294A0001004B1C01 /* ChatbotViewModel.swift in Sources */ = {isa = PBXBuildFile; fileRef = 1A00003E294A0001004B1C01 /* ChatbotViewModel.swift */; };
		1A00003F294A0001004B1C01 /* ModelManagerViewModel.swift in Sources */ = {isa = PBXBuildFile; fileRef = 1A000040294A0001004B1C01 /* ModelManagerViewModel.swift */; };
		1A000041294A0001004B1C01 /* TranscriptionViewModel.swift in Sources */ = {isa = PBXBuildFile; fileRef = 1A000042294A0001004B1C01 /* TranscriptionViewModel.swift */; };
		1A000043294A0001004B1C01 /* ChatbotView.swift in Sources */ = {isa = PBXBuildFile; fileRef = 1A000044294A0001004B1C01 /* ChatbotView.swift */; };
		1A000045294A0001004B1C01 /* BatchSummaryView.swift in Sources */ = {isa = PBXBuildFile; fileRef = 1A000046294A0001004B1C01 /* BatchSummaryView.swift */; };
		1A000047294A0001004B1C01 /* DependencyErrorView.swift in Sources */ = {isa = PBXBuildFile; fileRef = 1A000048294A0001004B1C01 /* DependencyErrorView.swift */; };
		1A000049294A0001004B1C01 /* ErrorAlertView.swift in Sources */ = {isa = PBXBuildFile; fileRef = 1A00004A294A0001004B1C01 /* ErrorAlertView.swift */; };
		1A00004B294A0001004B1C01 /* FileSelectionSection.swift in Sources */ = {isa = PBXBuildFile; fileRef = 1A00004C294A0001004B1C01 /* FileSelectionSection.swift */; };
		1A00004D294A0001004B1C01 /* ModelDetailView.swift in Sources */ = {isa = PBXBuildFile; fileRef = 1A00004E294A0001004B1C01 /* ModelDetailView.swift */; };
		1A00004F294A0001004B1C01 /* PerformanceMonitorView.swift in Sources */ = {isa = PBXBuildFile; fileRef = 1A000050294A0001004B1C01 /* PerformanceMonitorView.swift */; };
		1A000051294A0001004B1C01 /* QueueView.swift in Sources */ = {isa = PBXBuildFile; fileRef = 1A000052294A0001004B1C01 /* QueueView.swift */; };
		1A000053294A0001004B1C01 /* ResourceStatusBar.swift in Sources */ = {isa = PBXBuildFile; fileRef = 1A000054294A0001004B1C01 /* ResourceStatusBar.swift */; };
		1A000055294A0001004B1C01 /* TranscriptionConfigSection.swift in Sources */ = {isa = PBXBuildFile; fileRef = 1A000056294A0001004B1C01 /* TranscriptionConfigSection.swift */; };
		1A000057294A0001004B1C01 /* TranscriptionProgressSection.swift in Sources */ = {isa = PBXBuildFile; fileRef = 1A000058294A0001004B1C01 /* TranscriptionProgressSection.swift */; };
		1A000059294A0001004B1C01 /* ContentView.swift in Sources */ = {isa = PBXBuildFile; fileRef = 1A00005A294A0001004B1C01 /* ContentView.swift */; };
		1A00005B294A0001004B1C01 /* DependencyStatusView.swift in Sources */ = {isa = PBXBuildFile; fileRef = 1A00005C294A0001004B1C01 /* DependencyStatusView.swift */; };
		1A00005D294A0001004B1C01 /* DependencyValidatingView.swift in Sources */ = {isa = PBXBuildFile; fileRef = 1A00005E294A0001004B1C01 /* DependencyValidatingView.swift */; };
		1A00005F294A0001004B1C01 /* LogViewerWindow.swift in Sources */ = {isa = PBXBuildFile; fileRef = 1A000060294A0001004B1C01 /* LogViewerWindow.swift */; };
		1A000061294A0001004B1C01 /* MainContentView.swift in Sources */ = {isa = PBXBuildFile; fileRef = 1A000062294A0001004B1C01 /* MainContentView.swift */; };
		1A000063294A0001004B1C01 /* ModelManagerWindow.swift in Sources */ = {isa = PBXBuildFile; fileRef = 1A000064294A0001004B1C01 /* ModelManagerWindow.swift */; };
		1A000065294A0001004B1C01 /* SidebarView.swift in Sources */ = {isa = PBXBuildFile; fileRef = 1A000066294A0001004B1C01 /* SidebarView.swift */; };
		1A000067294A0001004B1C01 /* ToolbarView.swift in Sources */ = {isa = PBXBuildFile; fileRef = 1A000068294A0001004B1C01 /* ToolbarView.swift */; };
		33425DF42E64CF37008DDDD9 /* ResourceMonitor.swift in Sources */ = {isa = PBXBuildFile; fileRef = 33425DF12E64CF37008DDDD9 /* ResourceMonitor.swift */; };
		33425DF52E64CF37008DDDD9 /* CrashReporter.swift in Sources */ = {isa = PBXBuildFile; fileRef = 33425DE92E64CF37008DDDD9 /* CrashReporter.swift */; };
		33425DF62E64CF37008DDDD9 /* FileAssociationManager.swift in Sources */ = {isa = PBXBuildFile; fileRef = 33425DEB2E64CF37008DDDD9 /* FileAssociationManager.swift */; };
		33425DF72E64CF37008DDDD9 /* QuickLookManager.swift in Sources */ = {isa = PBXBuildFile; fileRef = 33425DF02E64CF37008DDDD9 /* QuickLookManager.swift */; };
		33425DF82E64CF37008DDDD9 /* DependencyManager.swift in Sources */ = {isa = PBXBuildFile; fileRef = 33425DEA2E64CF37008DDDD9 /* DependencyManager.swift */; };
		33425DF92E64CF37008DDDD9 /* MenuBarManager.swift in Sources */ = {isa = PBXBuildFile; fileRef = 33425DED2E64CF37008DDDD9 /* MenuBarManager.swift */; };
		33425DFA2E64CF37008DDDD9 /* PythonBridge.swift in Sources */ = {isa = PBXBuildFile; fileRef = 33425DEF2E64CF37008DDDD9 /* PythonBridge.swift */; };
		33425DFB2E64CF37008DDDD9 /* SpotlightManager.swift in Sources */ = {isa = PBXBuildFile; fileRef = 33425DF22E64CF37008DDDD9 /* SpotlightManager.swift */; };
		33425DFC2E64CF37008DDDD9 /* PerformanceManager.swift in Sources */ = {isa = PBXBuildFile; fileRef = 33425DEE2E64CF37008DDDD9 /* PerformanceManager.swift */; };
		33425DFD2E64CF37008DDDD9 /* Logger.swift in Sources */ = {isa = PBXBuildFile; fileRef = 33425DEC2E64CF37008DDDD9 /* Logger.swift */; };
		33425DFE2E64CF37008DDDD9 /* ResourceMonitor.swift in Sources */ = {isa = PBXBuildFile; fileRef = 33425DF12E64CF37008DDDD9 /* ResourceMonitor.swift */; };
		33425DFF2E64CF37008DDDD9 /* CrashReporter.swift in Sources */ = {isa = PBXBuildFile; fileRef = 33425DE92E64CF37008DDDD9 /* CrashReporter.swift */; };
		33425E002E64CF37008DDDD9 /* FileAssociationManager.swift in Sources */ = {isa = PBXBuildFile; fileRef = 33425DEB2E64CF37008DDDD9 /* FileAssociationManager.swift */; };
		33425E012E64CF37008DDDD9 /* QuickLookManager.swift in Sources */ = {isa = PBXBuildFile; fileRef = 33425DF02E64CF37008DDDD9 /* QuickLookManager.swift */; };
		33425E022E64CF37008DDDD9 /* DependencyManager.swift in Sources */ = {isa = PBXBuildFile; fileRef = 33425DEA2E64CF37008DDDD9 /* DependencyManager.swift */; };
		33425E032E64CF37008DDDD9 /* MenuBarManager.swift in Sources */ = {isa = PBXBuildFile; fileRef = 33425DED2E64CF37008DDDD9 /* MenuBarManager.swift */; };
		33425E042E64CF37008DDDD9 /* PythonBridge.swift in Sources */ = {isa = PBXBuildFile; fileRef = 33425DEF2E64CF37008DDDD9 /* PythonBridge.swift */; };
		33425E052E64CF37008DDDD9 /* SpotlightManager.swift in Sources */ = {isa = PBXBuildFile; fileRef = 33425DF22E64CF37008DDDD9 /* SpotlightManager.swift */; };
		33425E062E64CF37008DDDD9 /* PerformanceManager.swift in Sources */ = {isa = PBXBuildFile; fileRef = 33425DEE2E64CF37008DDDD9 /* PerformanceManager.swift */; };
		33425E072E64CF37008DDDD9 /* Logger.swift in Sources */ = {isa = PBXBuildFile; fileRef = 33425DEC2E64CF37008DDDD9 /* Logger.swift */; };
/* End PBXBuildFile section */

/* Begin PBXContainerItemProxy section */
		1A000101294A0001004B1C01 /* PBXContainerItemProxy */ = {
			isa = PBXContainerItemProxy;
			containerPortal = 1A000201294A0001004B1C01 /* Project object */;
			proxyType = 1;
			remoteGlobalIDString = 1A000301294A0001004B1C01;
			remoteInfo = WhisperLocalMacOs;
		};
/* End PBXContainerItemProxy section */

/* Begin PBXFileReference section */
		1A000002294A0001004B1C01 /* WhisperLocalMacOsApp.swift */ = {isa = PBXFileReference; lastKnownFileType = sourcecode.swift; path = WhisperLocalMacOsApp.swift; sourceTree = "<group>"; };
		1A000004294A0001004B1C01 /* WhisperLocalMacOsApp_Simple.swift */ = {isa = PBXFileReference; lastKnownFileType = sourcecode.swift; path = WhisperLocalMacOsApp_Simple.swift; sourceTree = "<group>"; };
		1A000006294A0001004B1C01 /* AppError.swift */ = {isa = PBXFileReference; lastKnownFileType = sourcecode.swift; path = AppError.swift; sourceTree = "<group>"; };
		1A000008294A0001004B1C01 /* OutputFormat.swift */ = {isa = PBXFileReference; lastKnownFileType = sourcecode.swift; path = OutputFormat.swift; sourceTree = "<group>"; };
		1A00000A294A0001004B1C01 /* SidebarItem.swift */ = {isa = PBXFileReference; lastKnownFileType = sourcecode.swift; path = SidebarItem.swift; sourceTree = "<group>"; };
		1A00000C294A0001004B1C01 /* TaskStatus.swift */ = {isa = PBXFileReference; lastKnownFileType = sourcecode.swift; path = TaskStatus.swift; sourceTree = "<group>"; };
		1A00000E294A0001004B1C01 /* TranscriptionResult.swift */ = {isa = PBXFileReference; lastKnownFileType = sourcecode.swift; path = TranscriptionResult.swift; sourceTree = "<group>"; };
		1A000010294A0001004B1C01 /* TranscriptionTask.swift */ = {isa = PBXFileReference; lastKnownFileType = sourcecode.swift; path = TranscriptionTask.swift; sourceTree = "<group>"; };
		1A000012294A0001004B1C01 /* WhisperModel.swift */ = {isa = PBXFileReference; lastKnownFileType = sourcecode.swift; path = WhisperModel.swift; sourceTree = "<group>"; };
		1A000014294A0001004B1C01 /* CrashReporter.swift */ = {isa = PBXFileReference; lastKnownFileType = sourcecode.swift; path = CrashReporter.swift; sourceTree = "<group>"; };
		1A000016294A0001004B1C01 /* DependencyManager.swift */ = {isa = PBXFileReference; lastKnownFileType = sourcecode.swift; path = DependencyManager.swift; sourceTree = "<group>"; };
		1A000018294A0001004B1C01 /* FileAssociationManager.swift */ = {isa = PBXFileReference; lastKnownFileType = sourcecode.swift; path = FileAssociationManager.swift; sourceTree = "<group>"; };
		1A00001A294A0001004B1C01 /* Logger.swift */ = {isa = PBXFileReference; lastKnownFileType = sourcecode.swift; path = Logger.swift; sourceTree = "<group>"; };
		1A00001C294A0001004B1C01 /* MenuBarManager.swift */ = {isa = PBXFileReference; lastKnownFileType = sourcecode.swift; path = MenuBarManager.swift; sourceTree = "<group>"; };
		1A00001E294A0001004B1C01 /* PerformanceManager.swift */ = {isa = PBXFileReference; lastKnownFileType = sourcecode.swift; path = PerformanceManager.swift; sourceTree = "<group>"; };
		1A000020294A0001004B1C01 /* PythonBridge.swift */ = {isa = PBXFileReference; lastKnownFileType = sourcecode.swift; path = PythonBridge.swift; sourceTree = "<group>"; };
		1A000022294A0001004B1C01 /* QuickLookManager.swift */ = {isa = PBXFileReference; lastKnownFileType = sourcecode.swift; path = QuickLookManager.swift; sourceTree = "<group>"; };
		1A000024294A0001004B1C01 /* ResourceMonitor.swift */ = {isa = PBXFileReference; lastKnownFileType = sourcecode.swift; path = ResourceMonitor.swift; sourceTree = "<group>"; };
		1A000026294A0001004B1C01 /* SpotlightManager.swift */ = {isa = PBXFileReference; lastKnownFileType = sourcecode.swift; path = SpotlightManager.swift; sourceTree = "<group>"; };
		1A000028294A0001004B1C01 /* UpdateChecker.swift */ = {isa = PBXFileReference; lastKnownFileType = sourcecode.swift; path = UpdateChecker.swift; sourceTree = "<group>"; };
		1A00002A294A0001004B1C01 /* DataModelTests.swift */ = {isa = PBXFileReference; lastKnownFileType = sourcecode.swift; path = DataModelTests.swift; sourceTree = "<group>"; };
		1A00002C294A0001004B1C01 /* DependencyManagerTests.swift */ = {isa = PBXFileReference; lastKnownFileType = sourcecode.swift; path = DependencyManagerTests.swift; sourceTree = "<group>"; };
		1A00002E294A0001004B1C01 /* ErrorHandlingTests.swift */ = {isa = PBXFileReference; lastKnownFileType = sourcecode.swift; path = ErrorHandlingTests.swift; sourceTree = "<group>"; };
		1A000030294A0001004B1C01 /* FileProcessingIntegrationTests.swift */ = {isa = PBXFileReference; lastKnownFileType = sourcecode.swift; path = FileProcessingIntegrationTests.swift; sourceTree = "<group>"; };
		1A000032294A0001004B1C01 /* IntegrationTests.swift */ = {isa = PBXFileReference; lastKnownFileType = sourcecode.swift; path = IntegrationTests.swift; sourceTree = "<group>"; };
		1A000034294A0001004B1C01 /* PerformanceBenchmarkTests.swift */ = {isa = PBXFileReference; lastKnownFileType = sourcecode.swift; path = PerformanceBenchmarkTests.swift; sourceTree = "<group>"; };
		1A000036294A0001004B1C01 /* PerformanceIntegrationTests.swift */ = {isa = PBXFileReference; lastKnownFileType = sourcecode.swift; path = PerformanceIntegrationTests.swift; sourceTree = "<group>"; };
		1A000038294A0001004B1C01 /* PythonBridgeTests.swift */ = {isa = PBXFileReference; lastKnownFileType = sourcecode.swift; path = PythonBridgeTests.swift; sourceTree = "<group>"; };
		1A00003A294A0001004B1C01 /* UITests.swift */ = {isa = PBXFileReference; lastKnownFileType = sourcecode.swift; path = UITests.swift; sourceTree = "<group>"; };
		1A00003C294A0001004B1C01 /* ViewModelTests.swift */ = {isa = PBXFileReference; lastKnownFileType = sourcecode.swift; path = ViewModelTests.swift; sourceTree = "<group>"; };
		1A00003E294A0001004B1C01 /* ChatbotViewModel.swift */ = {isa = PBXFileReference; lastKnownFileType = sourcecode.swift; path = ChatbotViewModel.swift; sourceTree = "<group>"; };
		1A000040294A0001004B1C01 /* ModelManagerViewModel.swift */ = {isa = PBXFileReference; lastKnownFileType = sourcecode.swift; path = ModelManagerViewModel.swift; sourceTree = "<group>"; };
		1A000042294A0001004B1C01 /* TranscriptionViewModel.swift */ = {isa = PBXFileReference; lastKnownFileType = sourcecode.swift; path = TranscriptionViewModel.swift; sourceTree = "<group>"; };
		1A000044294A0001004B1C01 /* ChatbotView.swift */ = {isa = PBXFileReference; lastKnownFileType = sourcecode.swift; path = ChatbotView.swift; sourceTree = "<group>"; };
		1A000046294A0001004B1C01 /* BatchSummaryView.swift */ = {isa = PBXFileReference; lastKnownFileType = sourcecode.swift; path = BatchSummaryView.swift; sourceTree = "<group>"; };
		1A000048294A0001004B1C01 /* DependencyErrorView.swift */ = {isa = PBXFileReference; lastKnownFileType = sourcecode.swift; path = DependencyErrorView.swift; sourceTree = "<group>"; };
		1A00004A294A0001004B1C01 /* ErrorAlertView.swift */ = {isa = PBXFileReference; lastKnownFileType = sourcecode.swift; path = ErrorAlertView.swift; sourceTree = "<group>"; };
		1A00004C294A0001004B1C01 /* FileSelectionSection.swift */ = {isa = PBXFileReference; lastKnownFileType = sourcecode.swift; path = FileSelectionSection.swift; sourceTree = "<group>"; };
		1A00004E294A0001004B1C01 /* ModelDetailView.swift */ = {isa = PBXFileReference; lastKnownFileType = sourcecode.swift; path = ModelDetailView.swift; sourceTree = "<group>"; };
		1A000050294A0001004B1C01 /* PerformanceMonitorView.swift */ = {isa = PBXFileReference; lastKnownFileType = sourcecode.swift; path = PerformanceMonitorView.swift; sourceTree = "<group>"; };
		1A000052294A0001004B1C01 /* QueueView.swift */ = {isa = PBXFileReference; lastKnownFileType = sourcecode.swift; path = QueueView.swift; sourceTree = "<group>"; };
		1A000054294A0001004B1C01 /* ResourceStatusBar.swift */ = {isa = PBXFileReference; lastKnownFileType = sourcecode.swift; path = ResourceStatusBar.swift; sourceTree = "<group>"; };
		1A000056294A0001004B1C01 /* TranscriptionConfigSection.swift */ = {isa = PBXFileReference; lastKnownFileType = sourcecode.swift; path = TranscriptionConfigSection.swift; sourceTree = "<group>"; };
		1A000058294A0001004B1C01 /* TranscriptionProgressSection.swift */ = {isa = PBXFileReference; lastKnownFileType = sourcecode.swift; path = TranscriptionProgressSection.swift; sourceTree = "<group>"; };
		1A00005A294A0001004B1C01 /* ContentView.swift */ = {isa = PBXFileReference; lastKnownFileType = sourcecode.swift; path = ContentView.swift; sourceTree = "<group>"; };
		1A00005C294A0001004B1C01 /* DependencyStatusView.swift */ = {isa = PBXFileReference; lastKnownFileType = sourcecode.swift; path = DependencyStatusView.swift; sourceTree = "<group>"; };
		1A00005E294A0001004B1C01 /* DependencyValidatingView.swift */ = {isa = PBXFileReference; lastKnownFileType = sourcecode.swift; path = DependencyValidatingView.swift; sourceTree = "<group>"; };
		1A000060294A0001004B1C01 /* LogViewerWindow.swift */ = {isa = PBXFileReference; lastKnownFileType = sourcecode.swift; path = LogViewerWindow.swift; sourceTree = "<group>"; };
		1A000062294A0001004B1C01 /* MainContentView.swift */ = {isa = PBXFileReference; lastKnownFileType = sourcecode.swift; path = MainContentView.swift; sourceTree = "<group>"; };
		1A000064294A0001004B1C01 /* ModelManagerWindow.swift */ = {isa = PBXFileReference; lastKnownFileType = sourcecode.swift; path = ModelManagerWindow.swift; sourceTree = "<group>"; };
		1A000066294A0001004B1C01 /* SidebarView.swift */ = {isa = PBXFileReference; lastKnownFileType = sourcecode.swift; path = SidebarView.swift; sourceTree = "<group>"; };
		1A000068294A0001004B1C01 /* ToolbarView.swift */ = {isa = PBXFileReference; lastKnownFileType = sourcecode.swift; path = ToolbarView.swift; sourceTree = "<group>"; };
		1A000102294A0001004B1C01 /* WhisperLocalMacOsTests.xctest */ = {isa = PBXFileReference; explicitFileType = wrapper.cfbundle; includeInIndex = 0; path = WhisperLocalMacOsTests.xctest; sourceTree = BUILT_PRODUCTS_DIR; };
		1A000302294A0001004B1C01 /* WhisperLocalMacOs.app */ = {isa = PBXFileReference; explicitFileType = wrapper.application; includeInIndex = 0; path = WhisperLocalMacOs.app; sourceTree = BUILT_PRODUCTS_DIR; };
		33425DE92E64CF37008DDDD9 /* CrashReporter.swift */ = {isa = PBXFileReference; lastKnownFileType = sourcecode.swift; path = CrashReporter.swift; sourceTree = "<group>"; };
		33425DEA2E64CF37008DDDD9 /* DependencyManager.swift */ = {isa = PBXFileReference; lastKnownFileType = sourcecode.swift; path = DependencyManager.swift; sourceTree = "<group>"; };
		33425DEB2E64CF37008DDDD9 /* FileAssociationManager.swift */ = {isa = PBXFileReference; lastKnownFileType = sourcecode.swift; path = FileAssociationManager.swift; sourceTree = "<group>"; };
		33425DEC2E64CF37008DDDD9 /* Logger.swift */ = {isa = PBXFileReference; lastKnownFileType = sourcecode.swift; path = Logger.swift; sourceTree = "<group>"; };
		33425DED2E64CF37008DDDD9 /* MenuBarManager.swift */ = {isa = PBXFileReference; lastKnownFileType = sourcecode.swift; path = MenuBarManager.swift; sourceTree = "<group>"; };
		33425DEE2E64CF37008DDDD9 /* PerformanceManager.swift */ = {isa = PBXFileReference; lastKnownFileType = sourcecode.swift; path = PerformanceManager.swift; sourceTree = "<group>"; };
		33425DEF2E64CF37008DDDD9 /* PythonBridge.swift */ = {isa = PBXFileReference; lastKnownFileType = sourcecode.swift; path = PythonBridge.swift; sourceTree = "<group>"; };
		33425DF02E64CF37008DDDD9 /* QuickLookManager.swift */ = {isa = PBXFileReference; lastKnownFileType = sourcecode.swift; path = QuickLookManager.swift; sourceTree = "<group>"; };
		33425DF12E64CF37008DDDD9 /* ResourceMonitor.swift */ = {isa = PBXFileReference; lastKnownFileType = sourcecode.swift; path = ResourceMonitor.swift; sourceTree = "<group>"; };
		33425DF22E64CF37008DDDD9 /* SpotlightManager.swift */ = {isa = PBXFileReference; lastKnownFileType = sourcecode.swift; path = SpotlightManager.swift; sourceTree = "<group>"; };
/* End PBXFileReference section */

/* Begin PBXFrameworksBuildPhase section */
		1A000401294A0001004B1C01 /* Frameworks */ = {
			isa = PBXFrameworksBuildPhase;
			buildActionMask = 2147483647;
			files = (
			);
			runOnlyForDeploymentPostprocessing = 0;
		};
		1A000501294A0001004B1C01 /* Frameworks */ = {
			isa = PBXFrameworksBuildPhase;
			buildActionMask = 2147483647;
			files = (
			);
			runOnlyForDeploymentPostprocessing = 0;
		};
/* End PBXFrameworksBuildPhase section */

/* Begin PBXGroup section */
		1A000601294A0001004B1C01 = {
			isa = PBXGroup;
			children = (
				33425DF32E64CF37008DDDD9 /* Services */,
				1A000701294A0001004B1C01 /* WhisperLocalMacOs */,
				1A000801294A0001004B1C01 /* WhisperLocalMacOsTests */,
				1A000901294A0001004B1C01 /* Products */,
			);
			sourceTree = "<group>";
		};
		1A000701294A0001004B1C01 /* WhisperLocalMacOs */ = {
			isa = PBXGroup;
			children = (
				1A000A01294A0001004B1C01 /* App */,
				1A000B01294A0001004B1C01 /* Models */,
				1A000C01294A0001004B1C01 /* Services */,
				1A000D01294A0001004B1C01 /* Sources */,
				1A000E01294A0001004B1C01 /* ViewModels */,
				1A000F01294A0001004B1C01 /* Views */,
			);
			path = WhisperLocalMacOs;
			sourceTree = "<group>";
		};
		1A000801294A0001004B1C01 /* WhisperLocalMacOsTests */ = {
			isa = PBXGroup;
			children = (
				1A00002A294A0001004B1C01 /* DataModelTests.swift */,
				1A00002C294A0001004B1C01 /* DependencyManagerTests.swift */,
				1A00002E294A0001004B1C01 /* ErrorHandlingTests.swift */,
				1A000030294A0001004B1C01 /* FileProcessingIntegrationTests.swift */,
				1A000032294A0001004B1C01 /* IntegrationTests.swift */,
				1A000034294A0001004B1C01 /* PerformanceBenchmarkTests.swift */,
				1A000036294A0001004B1C01 /* PerformanceIntegrationTests.swift */,
				1A000038294A0001004B1C01 /* PythonBridgeTests.swift */,
				1A00003A294A0001004B1C01 /* UITests.swift */,
				1A00003C294A0001004B1C01 /* ViewModelTests.swift */,
			);
			path = WhisperLocalMacOsTests;
			sourceTree = "<group>";
		};
		1A000901294A0001004B1C01 /* Products */ = {
			isa = PBXGroup;
			children = (
				1A000302294A0001004B1C01 /* WhisperLocalMacOs.app */,
				1A000102294A0001004B1C01 /* WhisperLocalMacOsTests.xctest */,
			);
			name = Products;
			sourceTree = "<group>";
		};
		1A000A01294A0001004B1C01 /* App */ = {
			isa = PBXGroup;
			children = (
				1A000002294A0001004B1C01 /* WhisperLocalMacOsApp.swift */,
				1A000004294A0001004B1C01 /* WhisperLocalMacOsApp_Simple.swift */,
			);
			path = App;
			sourceTree = "<group>";
		};
		1A000B01294A0001004B1C01 /* Models */ = {
			isa = PBXGroup;
			children = (
				1A000006294A0001004B1C01 /* AppError.swift */,
				1A000008294A0001004B1C01 /* OutputFormat.swift */,
				1A00000A294A0001004B1C01 /* SidebarItem.swift */,
				1A00000C294A0001004B1C01 /* TaskStatus.swift */,
				1A00000E294A0001004B1C01 /* TranscriptionResult.swift */,
				1A000010294A0001004B1C01 /* TranscriptionTask.swift */,
				1A000012294A0001004B1C01 /* WhisperModel.swift */,
			);
			path = Models;
			sourceTree = "<group>";
		};
		1A000C01294A0001004B1C01 /* Services */ = {
			isa = PBXGroup;
			children = (
				1A000014294A0001004B1C01 /* CrashReporter.swift */,
				1A000016294A0001004B1C01 /* DependencyManager.swift */,
				1A000018294A0001004B1C01 /* FileAssociationManager.swift */,
				1A00001A294A0001004B1C01 /* Logger.swift */,
				1A00001C294A0001004B1C01 /* MenuBarManager.swift */,
				1A00001E294A0001004B1C01 /* PerformanceManager.swift */,
				1A000020294A0001004B1C01 /* PythonBridge.swift */,
				1A000022294A0001004B1C01 /* QuickLookManager.swift */,
				1A000024294A0001004B1C01 /* ResourceMonitor.swift */,
				1A000026294A0001004B1C01 /* SpotlightManager.swift */,
			);
			path = Services;
			sourceTree = "<group>";
		};
		1A000D01294A0001004B1C01 /* Sources */ = {
			isa = PBXGroup;
			children = (
				1A000028294A0001004B1C01 /* UpdateChecker.swift */,
			);
			path = Sources;
			sourceTree = "<group>";
		};
		1A000E01294A0001004B1C01 /* ViewModels */ = {
			isa = PBXGroup;
			children = (
				1A00003E294A0001004B1C01 /* ChatbotViewModel.swift */,
				1A000040294A0001004B1C01 /* ModelManagerViewModel.swift */,
				1A000042294A0001004B1C01 /* TranscriptionViewModel.swift */,
			);
			path = ViewModels;
			sourceTree = "<group>";
		};
		1A000F01294A0001004B1C01 /* Views */ = {
			isa = PBXGroup;
			children = (
				1A000044294A0001004B1C01 /* ChatbotView.swift */,
				1A00005A294A0001004B1C01 /* ContentView.swift */,
				1A00005C294A0001004B1C01 /* DependencyStatusView.swift */,
				1A00005E294A0001004B1C01 /* DependencyValidatingView.swift */,
				1A000060294A0001004B1C01 /* LogViewerWindow.swift */,
				1A000062294A0001004B1C01 /* MainContentView.swift */,
				1A000064294A0001004B1C01 /* ModelManagerWindow.swift */,
				1A000066294A0001004B1C01 /* SidebarView.swift */,
				1A000068294A0001004B1C01 /* ToolbarView.swift */,
				1A001001294A0001004B1C01 /* Components */,
			);
			path = Views;
			sourceTree = "<group>";
		};
		1A001001294A0001004B1C01 /* Components */ = {
			isa = PBXGroup;
			children = (
				1A000046294A0001004B1C01 /* BatchSummaryView.swift */,
				1A000048294A0001004B1C01 /* DependencyErrorView.swift */,
				1A00004A294A0001004B1C01 /* ErrorAlertView.swift */,
				1A00004C294A0001004B1C01 /* FileSelectionSection.swift */,
				1A00004E294A0001004B1C01 /* ModelDetailView.swift */,
				1A000050294A0001004B1C01 /* PerformanceMonitorView.swift */,
				1A000052294A0001004B1C01 /* QueueView.swift */,
				1A000054294A0001004B1C01 /* ResourceStatusBar.swift */,
				1A000056294A0001004B1C01 /* TranscriptionConfigSection.swift */,
				1A000058294A0001004B1C01 /* TranscriptionProgressSection.swift */,
			);
			path = Components;
			sourceTree = "<group>";
		};
		33425DF32E64CF37008DDDD9 /* Services */ = {
			isa = PBXGroup;
			children = (
				33425DE92E64CF37008DDDD9 /* CrashReporter.swift */,
				33425DEA2E64CF37008DDDD9 /* DependencyManager.swift */,
				33425DEB2E64CF37008DDDD9 /* FileAssociationManager.swift */,
				33425DEC2E64CF37008DDDD9 /* Logger.swift */,
				33425DED2E64CF37008DDDD9 /* MenuBarManager.swift */,
				33425DEE2E64CF37008DDDD9 /* PerformanceManager.swift */,
				33425DEF2E64CF37008DDDD9 /* PythonBridge.swift */,
				33425DF02E64CF37008DDDD9 /* QuickLookManager.swift */,
				33425DF12E64CF37008DDDD9 /* ResourceMonitor.swift */,
				33425DF22E64CF37008DDDD9 /* SpotlightManager.swift */,
			);
			path = Services;
			sourceTree = "<group>";
		};
/* End PBXGroup section */

/* Begin PBXNativeTarget section */
		1A000103294A0001004B1C01 /* WhisperLocalMacOsTests */ = {
			isa = PBXNativeTarget;
			buildConfigurationList = 1A001401294A0001004B1C01 /* Build configuration list for PBXNativeTarget "WhisperLocalMacOsTests" */;
			buildPhases = (
				1A001501294A0001004B1C01 /* Sources */,
				1A000501294A0001004B1C01 /* Frameworks */,
				1A001601294A0001004B1C01 /* Resources */,
			);
			buildRules = (
			);
			dependencies = (
				1A001701294A0001004B1C01 /* PBXTargetDependency */,
			);
			name = WhisperLocalMacOsTests;
			productName = WhisperLocalMacOsTests;
			productReference = 1A000102294A0001004B1C01 /* WhisperLocalMacOsTests.xctest */;
			productType = "com.apple.product-type.bundle.unit-test";
		};
		1A000301294A0001004B1C01 /* WhisperLocalMacOs */ = {
			isa = PBXNativeTarget;
			buildConfigurationList = 1A001101294A0001004B1C01 /* Build configuration list for PBXNativeTarget "WhisperLocalMacOs" */;
			buildPhases = (
				1A001201294A0001004B1C01 /* Sources */,
				1A000401294A0001004B1C01 /* Frameworks */,
				1A001301294A0001004B1C01 /* Resources */,
			);
			buildRules = (
			);
			dependencies = (
			);
			name = WhisperLocalMacOs;
			productName = WhisperLocalMacOs;
			productReference = 1A000302294A0001004B1C01 /* WhisperLocalMacOs.app */;
			productType = "com.apple.product-type.application";
		};
/* End PBXNativeTarget section */

/* Begin PBXProject section */
		1A000201294A0001004B1C01 /* Project object */ = {
			isa = PBXProject;
			attributes = {
				BuildIndependentTargetsInParallel = 1;
				LastSwiftUpdateCheck = 1530;
				LastUpgradeCheck = 1530;
				TargetAttributes = {
					1A000103294A0001004B1C01 = {
						CreatedOnToolsVersion = 15.3;
						TestTargetID = 1A000301294A0001004B1C01;
					};
					1A000301294A0001004B1C01 = {
						CreatedOnToolsVersion = 15.3;
					};
				};
			};
			buildConfigurationList = 1A001801294A0001004B1C01 /* Build configuration list for PBXProject "WhisperLocalMacOs" */;
			developmentRegion = en;
			hasScannedForEncodings = 0;
			knownRegions = (
				en,
				Base,
			);
			mainGroup = 1A000601294A0001004B1C01;
			preferredProjectObjectVersion = 77;
			productRefGroup = 1A000901294A0001004B1C01 /* Products */;
			projectDirPath = "";
			projectRoot = "";
			targets = (
				1A000301294A0001004B1C01 /* WhisperLocalMacOs */,
				1A000103294A0001004B1C01 /* WhisperLocalMacOsTests */,
			);
		};
/* End PBXProject section */

/* Begin PBXResourcesBuildPhase section */
		1A001301294A0001004B1C01 /* Resources */ = {
			isa = PBXResourcesBuildPhase;
			buildActionMask = 2147483647;
			files = (
			);
			runOnlyForDeploymentPostprocessing = 0;
		};
		1A001601294A0001004B1C01 /* Resources */ = {
			isa = PBXResourcesBuildPhase;
			buildActionMask = 2147483647;
			files = (
			);
			runOnlyForDeploymentPostprocessing = 0;
		};
/* End PBXResourcesBuildPhase section */

/* Begin PBXSourcesBuildPhase section */
		1A001201294A0001004B1C01 /* Sources */ = {
			isa = PBXSourcesBuildPhase;
			buildActionMask = 2147483647;
			files = (
				1A000001294A0001004B1C01 /* WhisperLocalMacOsApp.swift in Sources */,
				1A000003294A0001004B1C01 /* WhisperLocalMacOsApp_Simple.swift in Sources */,
				1A000005294A0001004B1C01 /* AppError.swift in Sources */,
				1A000007294A0001004B1C01 /* OutputFormat.swift in Sources */,
				1A000009294A0001004B1C01 /* SidebarItem.swift in Sources */,
				1A00000B294A0001004B1C01 /* TaskStatus.swift in Sources */,
				1A00000D294A0001004B1C01 /* TranscriptionResult.swift in Sources */,
				1A00000F294A0001004B1C01 /* TranscriptionTask.swift in Sources */,
				1A000011294A0001004B1C01 /* WhisperModel.swift in Sources */,
				1A000013294A0001004B1C01 /* CrashReporter.swift in Sources */,
				1A000015294A0001004B1C01 /* DependencyManager.swift in Sources */,
				1A000017294A0001004B1C01 /* FileAssociationManager.swift in Sources */,
				1A000019294A0001004B1C01 /* Logger.swift in Sources */,
				1A00001B294A0001004B1C01 /* MenuBarManager.swift in Sources */,
				1A00001D294A0001004B1C01 /* PerformanceManager.swift in Sources */,
				1A00001F294A0001004B1C01 /* PythonBridge.swift in Sources */,
				1A000021294A0001004B1C01 /* QuickLookManager.swift in Sources */,
				1A000023294A0001004B1C01 /* ResourceMonitor.swift in Sources */,
				33425DF42E64CF37008DDDD9 /* ResourceMonitor.swift in Sources */,
				33425DF52E64CF37008DDDD9 /* CrashReporter.swift in Sources */,
				33425DF62E64CF37008DDDD9 /* FileAssociationManager.swift in Sources */,
				33425DF72E64CF37008DDDD9 /* QuickLookManager.swift in Sources */,
				33425DF82E64CF37008DDDD9 /* DependencyManager.swift in Sources */,
				33425DF92E64CF37008DDDD9 /* MenuBarManager.swift in Sources */,
				33425DFA2E64CF37008DDDD9 /* PythonBridge.swift in Sources */,
				33425DFB2E64CF37008DDDD9 /* SpotlightManager.swift in Sources */,
				33425DFC2E64CF37008DDDD9 /* PerformanceManager.swift in Sources */,
				33425DFD2E64CF37008DDDD9 /* Logger.swift in Sources */,
				1A000025294A0001004B1C01 /* SpotlightManager.swift in Sources */,
				1A000027294A0001004B1C01 /* UpdateChecker.swift in Sources */,
				1A00003D294A0001004B1C01 /* ChatbotViewModel.swift in Sources */,
				1A00003F294A0001004B1C01 /* ModelManagerViewModel.swift in Sources */,
				1A000041294A0001004B1C01 /* TranscriptionViewModel.swift in Sources */,
				1A000043294A0001004B1C01 /* ChatbotView.swift in Sources */,
				1A000045294A0001004B1C01 /* BatchSummaryView.swift in Sources */,
				1A000047294A0001004B1C01 /* DependencyErrorView.swift in Sources */,
				1A000049294A0001004B1C01 /* ErrorAlertView.swift in Sources */,
				1A00004B294A0001004B1C01 /* FileSelectionSection.swift in Sources */,
				1A00004D294A0001004B1C01 /* ModelDetailView.swift in Sources */,
				1A00004F294A0001004B1C01 /* PerformanceMonitorView.swift in Sources */,
				1A000051294A0001004B1C01 /* QueueView.swift in Sources */,
				1A000053294A0001004B1C01 /* ResourceStatusBar.swift in Sources */,
				1A000055294A0001004B1C01 /* TranscriptionConfigSection.swift in Sources */,
				1A000057294A0001004B1C01 /* TranscriptionProgressSection.swift in Sources */,
				1A000059294A0001004B1C01 /* ContentView.swift in Sources */,
				1A00005B294A0001004B1C01 /* DependencyStatusView.swift in Sources */,
				1A00005D294A0001004B1C01 /* DependencyValidatingView.swift in Sources */,
				1A00005F294A0001004B1C01 /* LogViewerWindow.swift in Sources */,
				1A000061294A0001004B1C01 /* MainContentView.swift in Sources */,
				1A000063294A0001004B1C01 /* ModelManagerWindow.swift in Sources */,
				1A000065294A0001004B1C01 /* SidebarView.swift in Sources */,
				1A000067294A0001004B1C01 /* ToolbarView.swift in Sources */,
			);
			runOnlyForDeploymentPostprocessing = 0;
		};
		1A001501294A0001004B1C01 /* Sources */ = {
			isa = PBXSourcesBuildPhase;
			buildActionMask = 2147483647;
			files = (
				1A000029294A0001004B1C01 /* DataModelTests.swift in Sources */,
				1A00002B294A0001004B1C01 /* DependencyManagerTests.swift in Sources */,
				1A00002D294A0001004B1C01 /* ErrorHandlingTests.swift in Sources */,
				1A00002F294A0001004B1C01 /* FileProcessingIntegrationTests.swift in Sources */,
				33425DFE2E64CF37008DDDD9 /* ResourceMonitor.swift in Sources */,
				33425DFF2E64CF37008DDDD9 /* CrashReporter.swift in Sources */,
				33425E002E64CF37008DDDD9 /* FileAssociationManager.swift in Sources */,
				33425E012E64CF37008DDDD9 /* QuickLookManager.swift in Sources */,
				33425E022E64CF37008DDDD9 /* DependencyManager.swift in Sources */,
				33425E032E64CF37008DDDD9 /* MenuBarManager.swift in Sources */,
				33425E042E64CF37008DDDD9 /* PythonBridge.swift in Sources */,
				33425E052E64CF37008DDDD9 /* SpotlightManager.swift in Sources */,
				33425E062E64CF37008DDDD9 /* PerformanceManager.swift in Sources */,
				33425E072E64CF37008DDDD9 /* Logger.swift in Sources */,
				1A000031294A0001004B1C01 /* IntegrationTests.swift in Sources */,
				1A000033294A0001004B1C01 /* PerformanceBenchmarkTests.swift in Sources */,
				1A000035294A0001004B1C01 /* PerformanceIntegrationTests.swift in Sources */,
				1A000037294A0001004B1C01 /* PythonBridgeTests.swift in Sources */,
				1A000039294A0001004B1C01 /* UITests.swift in Sources */,
				1A00003B294A0001004B1C01 /* ViewModelTests.swift in Sources */,
			);
			runOnlyForDeploymentPostprocessing = 0;
		};
/* End PBXSourcesBuildPhase section */

/* Begin PBXTargetDependency section */
		1A001701294A0001004B1C01 /* PBXTargetDependency */ = {
			isa = PBXTargetDependency;
			target = 1A000301294A0001004B1C01 /* WhisperLocalMacOs */;
			targetProxy = 1A000101294A0001004B1C01 /* PBXContainerItemProxy */;
		};
/* End PBXTargetDependency section */

/* Begin XCBuildConfiguration section */
		1A001901294A0001004B1C01 /* Debug */ = {
			isa = XCBuildConfiguration;
			buildSettings = {
				ALWAYS_SEARCH_USER_PATHS = NO;
				ASSETCATALOG_COMPILER_GENERATE_SWIFT_ASSET_SYMBOL_EXTENSIONS = YES;
				CLANG_ANALYZER_NONNULL = YES;
				CLANG_ANALYZER_NUMBER_OBJECT_CONVERSION = YES_AGGRESSIVE;
				CLANG_CXX_LANGUAGE_STANDARD = "gnu++20";
				CLANG_ENABLE_MODULES = YES;
				CLANG_ENABLE_OBJC_ARC = YES;
				CLANG_ENABLE_OBJC_WEAK = YES;
				CLANG_WARN_BLOCK_CAPTURE_AUTORELEASING = YES;
				CLANG_WARN_BOOL_CONVERSION = YES;
				CLANG_WARN_COMMA = YES;
				CLANG_WARN_CONSTANT_CONVERSION = YES;
				CLANG_WARN_DEPRECATED_OBJC_IMPLEMENTATIONS = YES;
				CLANG_WARN_DIRECT_OBJC_ISA_USAGE = YES_ERROR;
				CLANG_WARN_DOCUMENTATION_COMMENTS = YES;
				CLANG_WARN_EMPTY_BODY = YES;
				CLANG_WARN_ENUM_CONVERSION = YES;
				CLANG_WARN_INFINITE_RECURSION = YES;
				CLANG_WARN_INT_CONVERSION = YES;
				CLANG_WARN_NON_LITERAL_NULL_CONVERSION = YES;
				CLANG_WARN_OBJC_IMPLICIT_RETAIN_SELF = YES;
				CLANG_WARN_OBJC_LITERAL_CONVERSION = YES;
				CLANG_WARN_OBJC_ROOT_CLASS = YES_ERROR;
				CLANG_WARN_QUOTED_INCLUDE_IN_FRAMEWORK_HEADER = YES;
				CLANG_WARN_RANGE_LOOP_ANALYSIS = YES;
				CLANG_WARN_STRICT_PROTOTYPES = YES;
				CLANG_WARN_SUSPICIOUS_MOVE = YES;
				CLANG_WARN_UNGUARDED_AVAILABILITY = YES_AGGRESSIVE;
				CLANG_WARN_UNREACHABLE_CODE = YES;
				CLANG_WARN__DUPLICATE_METHOD_MATCH = YES;
				COPY_PHASE_STRIP = NO;
				DEBUG_INFORMATION_FORMAT = dwarf;
				ENABLE_STRICT_OBJC_MSGSEND = YES;
				ENABLE_TESTABILITY = YES;
				ENABLE_USER_SCRIPT_SANDBOXING = YES;
				GCC_C_LANGUAGE_STANDARD = gnu17;
				GCC_DYNAMIC_NO_PIC = NO;
				GCC_NO_COMMON_BLOCKS = YES;
				GCC_OPTIMIZATION_LEVEL = 0;
				GCC_PREPROCESSOR_DEFINITIONS = (
					"DEBUG=1",
					"$(inherited)",
				);
				GCC_WARN_64_TO_32_BIT_CONVERSION = YES;
				GCC_WARN_ABOUT_RETURN_TYPE = YES_ERROR;
				GCC_WARN_UNDECLARED_SELECTOR = YES;
				GCC_WARN_UNINITIALIZED_AUTOS = YES_AGGRESSIVE;
				GCC_WARN_UNUSED_FUNCTION = YES;
				GCC_WARN_UNUSED_VARIABLE = YES;
				LOCALIZATION_PREFERS_STRING_CATALOGS = YES;
				MACOSX_DEPLOYMENT_TARGET = 12.0;
				MTL_ENABLE_DEBUG_INFO = INCLUDE_SOURCE;
				MTL_FAST_MATH = YES;
				ONLY_ACTIVE_ARCH = YES;
				SDKROOT = macosx;
				SWIFT_ACTIVE_COMPILATION_CONDITIONS = "DEBUG $(inherited)";
				SWIFT_OPTIMIZATION_LEVEL = "-Onone";
			};
			name = Debug;
		};
		1A001A01294A0001004B1C01 /* Release */ = {
			isa = XCBuildConfiguration;
			buildSettings = {
				ALWAYS_SEARCH_USER_PATHS = NO;
				ASSETCATALOG_COMPILER_GENERATE_SWIFT_ASSET_SYMBOL_EXTENSIONS = YES;
				CLANG_ANALYZER_NONNULL = YES;
				CLANG_ANALYZER_NUMBER_OBJECT_CONVERSION = YES_AGGRESSIVE;
				CLANG_CXX_LANGUAGE_STANDARD = "gnu++20";
				CLANG_ENABLE_MODULES = YES;
				CLANG_ENABLE_OBJC_ARC = YES;
				CLANG_ENABLE_OBJC_WEAK = YES;
				CLANG_WARN_BLOCK_CAPTURE_AUTORELEASING = YES;
				CLANG_WARN_BOOL_CONVERSION = YES;
				CLANG_WARN_COMMA = YES;
				CLANG_WARN_CONSTANT_CONVERSION = YES;
				CLANG_WARN_DEPRECATED_OBJC_IMPLEMENTATIONS = YES;
				CLANG_WARN_DIRECT_OBJC_ISA_USAGE = YES_ERROR;
				CLANG_WARN_DOCUMENTATION_COMMENTS = YES;
				CLANG_WARN_EMPTY_BODY = YES;
				CLANG_WARN_ENUM_CONVERSION = YES;
				CLANG_WARN_INFINITE_RECURSION = YES;
				CLANG_WARN_INT_CONVERSION = YES;
				CLANG_WARN_NON_LITERAL_NULL_CONVERSION = YES;
				CLANG_WARN_OBJC_IMPLICIT_RETAIN_SELF = YES;
				CLANG_WARN_OBJC_LITERAL_CONVERSION = YES;
				CLANG_WARN_OBJC_ROOT_CLASS = YES_ERROR;
				CLANG_WARN_QUOTED_INCLUDE_IN_FRAMEWORK_HEADER = YES;
				CLANG_WARN_RANGE_LOOP_ANALYSIS = YES;
				CLANG_WARN_STRICT_PROTOTYPES = YES;
				CLANG_WARN_SUSPICIOUS_MOVE = YES;
				CLANG_WARN_UNGUARDED_AVAILABILITY = YES_AGGRESSIVE;
				CLANG_WARN_UNREACHABLE_CODE = YES;
				CLANG_WARN__DUPLICATE_METHOD_MATCH = YES;
				COPY_PHASE_STRIP = NO;
				DEBUG_INFORMATION_FORMAT = "dwarf-with-dsym";
				ENABLE_NS_ASSERTIONS = NO;
				ENABLE_STRICT_OBJC_MSGSEND = YES;
				ENABLE_USER_SCRIPT_SANDBOXING = YES;
				GCC_C_LANGUAGE_STANDARD = gnu17;
				GCC_NO_COMMON_BLOCKS = YES;
				GCC_WARN_64_TO_32_BIT_CONVERSION = YES;
				GCC_WARN_ABOUT_RETURN_TYPE = YES_ERROR;
				GCC_WARN_UNDECLARED_SELECTOR = YES;
				GCC_WARN_UNINITIALIZED_AUTOS = YES_AGGRESSIVE;
				GCC_WARN_UNUSED_FUNCTION = YES;
				GCC_WARN_UNUSED_VARIABLE = YES;
				LOCALIZATION_PREFERS_STRING_CATALOGS = YES;
				MACOSX_DEPLOYMENT_TARGET = 12.0;
				MTL_ENABLE_DEBUG_INFO = NO;
				MTL_FAST_MATH = YES;
				SDKROOT = macosx;
				SWIFT_COMPILATION_MODE = wholemodule;
			};
			name = Release;
		};
		1A001B01294A0001004B1C01 /* Debug */ = {
			isa = XCBuildConfiguration;
			buildSettings = {
				ASSETCATALOG_COMPILER_APPICON_NAME = AppIcon;
				ASSETCATALOG_COMPILER_GLOBAL_ACCENT_COLOR_NAME = AccentColor;
				CODE_SIGN_ENTITLEMENTS = WhisperLocalMacOs/WhisperLocalMacOs.entitlements;
				CODE_SIGN_STYLE = Automatic;
				COMBINE_HIDPI_IMAGES = YES;
				CURRENT_PROJECT_VERSION = 1;
				DEVELOPMENT_ASSET_PATHS = "";
				DEVELOPMENT_TEAM = "";
				ENABLE_HARDENED_RUNTIME = YES;
				ENABLE_PREVIEWS = YES;
				GENERATE_INFOPLIST_FILE = YES;
				INFOPLIST_KEY_CFBundleDisplayName = "Whisper Transcription Tool";
				INFOPLIST_KEY_LSApplicationCategoryType = "public.app-category.productivity";
				INFOPLIST_KEY_NSHumanReadableCopyright = "";
				LD_RUNPATH_SEARCH_PATHS = (
					"$(inherited)",
					"@executable_path/../Frameworks",
				);
				MARKETING_VERSION = 1.0.0;
				PRODUCT_BUNDLE_IDENTIFIER = "com.github.cubetribe.whisper-transcription-tool";
				PRODUCT_NAME = "$(TARGET_NAME)";
				SWIFT_EMIT_LOC_STRINGS = YES;
				SWIFT_VERSION = 5.0;
			};
			name = Debug;
		};
		1A001C01294A0001004B1C01 /* Release */ = {
			isa = XCBuildConfiguration;
			buildSettings = {
				ASSETCATALOG_COMPILER_APPICON_NAME = AppIcon;
				ASSETCATALOG_COMPILER_GLOBAL_ACCENT_COLOR_NAME = AccentColor;
				CODE_SIGN_ENTITLEMENTS = WhisperLocalMacOs/WhisperLocalMacOs.entitlements;
				CODE_SIGN_STYLE = Automatic;
				COMBINE_HIDPI_IMAGES = YES;
				CURRENT_PROJECT_VERSION = 1;
				DEVELOPMENT_ASSET_PATHS = "";
				DEVELOPMENT_TEAM = "";
				ENABLE_HARDENED_RUNTIME = YES;
				ENABLE_PREVIEWS = YES;
				GENERATE_INFOPLIST_FILE = YES;
				INFOPLIST_KEY_CFBundleDisplayName = "Whisper Transcription Tool";
				INFOPLIST_KEY_LSApplicationCategoryType = "public.app-category.productivity";
				INFOPLIST_KEY_NSHumanReadableCopyright = "";
				LD_RUNPATH_SEARCH_PATHS = (
					"$(inherited)",
					"@executable_path/../Frameworks",
				);
				MARKETING_VERSION = 1.0.0;
				PRODUCT_BUNDLE_IDENTIFIER = "com.github.cubetribe.whisper-transcription-tool";
				PRODUCT_NAME = "$(TARGET_NAME)";
				SWIFT_EMIT_LOC_STRINGS = YES;
				SWIFT_VERSION = 5.0;
			};
			name = Release;
		};
		1A001D01294A0001004B1C01 /* Debug */ = {
			isa = XCBuildConfiguration;
			buildSettings = {
				ALWAYS_EMBED_SWIFT_STANDARD_LIBRARIES = YES;
				BUNDLE_LOADER = "$(TEST_HOST)";
				CODE_SIGN_STYLE = Automatic;
				CURRENT_PROJECT_VERSION = 1;
				DEVELOPMENT_TEAM = "";
				GENERATE_INFOPLIST_FILE = YES;
				MACOSX_DEPLOYMENT_TARGET = 12.0;
				MARKETING_VERSION = 1.0.0;
				PRODUCT_BUNDLE_IDENTIFIER = "com.github.cubetribe.whisper-transcription-tool.tests";
				PRODUCT_NAME = "$(TARGET_NAME)";
				SWIFT_EMIT_LOC_STRINGS = NO;
				SWIFT_VERSION = 5.0;
				TEST_HOST = "$(BUILT_PRODUCTS_DIR)/WhisperLocalMacOs.app/$(BUNDLE_EXECUTABLE_FOLDER_PATH)/WhisperLocalMacOs";
			};
			name = Debug;
		};
		1A001E01294A0001004B1C01 /* Release */ = {
			isa = XCBuildConfiguration;
			buildSettings = {
				ALWAYS_EMBED_SWIFT_STANDARD_LIBRARIES = YES;
				BUNDLE_LOADER = "$(TEST_HOST)";
				CODE_SIGN_STYLE = Automatic;
				CURRENT_PROJECT_VERSION = 1;
				DEVELOPMENT_TEAM = "";
				GENERATE_INFOPLIST_FILE = YES;
				MACOSX_DEPLOYMENT_TARGET = 12.0;
				MARKETING_VERSION = 1.0.0;
				PRODUCT_BUNDLE_IDENTIFIER = "com.github.cubetribe.whisper-transcription-tool.tests";
				PRODUCT_NAME = "$(TARGET_NAME)";
				SWIFT_EMIT_LOC_STRINGS = NO;
				SWIFT_VERSION = 5.0;
				TEST_HOST = "$(BUILT_PRODUCTS_DIR)/WhisperLocalMacOs.app/$(BUNDLE_EXECUTABLE_FOLDER_PATH)/WhisperLocalMacOs";
			};
			name = Release;
		};
/* End XCBuildConfiguration section */

/* Begin XCConfigurationList section */
		1A001101294A0001004B1C01 /* Build configuration list for PBXNativeTarget "WhisperLocalMacOs" */ = {
			isa = XCConfigurationList;
			buildConfigurations = (
				1A001B01294A0001004B1C01 /* Debug */,
				1A001C01294A0001004B1C01 /* Release */,
			);
			defaultConfigurationIsVisible = 0;
			defaultConfigurationName = Release;
		};
		1A001401294A0001004B1C01 /* Build configuration list for PBXNativeTarget "WhisperLocalMacOsTests" */ = {
			isa = XCConfigurationList;
			buildConfigurations = (
				1A001D01294A0001004B1C01 /* Debug */,
				1A001E01294A0001004B1C01 /* Release */,
			);
			defaultConfigurationIsVisible = 0;
			defaultConfigurationName = Release;
		};
		1A001801294A0001004B1C01 /* Build configuration list for PBXProject "WhisperLocalMacOs" */ = {
			isa = XCConfigurationList;
			buildConfigurations = (
				1A001901294A0001004B1C01 /* Debug */,
				1A001A01294A0001004B1C01 /* Release */,
			);
			defaultConfigurationIsVisible = 0;
			defaultConfigurationName = Release;
		};
/* End XCConfigurationList section */
	};
	rootObject = 1A000201294A0001004B1C01 /* Project object */;
}
